{
  "object": {
    "pins": [
      {
        "package": "HBAutocomplete",
        "repositoryURL": "/Users/Kiefer/Padam/HBAutocomplete",
        "state": {
          "branch": null,
          "revision": "0df28e6ee86d9cc0f0431481ade9529860c57ccb",
          "version": "1.0.1"
        }
      }
    ]
  },
  "version": 1
}
