{
  "object": {
    "pins": [
      {
        "package": "HBAutocomplete",
        "repositoryURL": "/Users/Kiefer/Padam/HBAutocomplete",
        "state": {
          "branch": null,
          "revision": "a5974e12c85cab71210c0c552d125d23a18636a8",
          "version": "1.0.0"
        }
      }
    ]
  },
  "version": 1
}
