// !$*UTF8*$!
{
	archiveVersion = 1;
	classes = {
	};
	objectVersion = 52;
	objects = {

/* Begin PBXBuildFile section */
		8CE7001C1E126A09008086A4 /* AppDelegate.swift in Sources */ = {isa = PBXBuildFile; fileRef = 8CE7001B1E126A09008086A4 /* AppDelegate.swift */; };
		8CE700211E126A09008086A4 /* Main.storyboard in Resources */ = {isa = PBXBuildFile; fileRef = 8CE7001F1E126A09008086A4 /* Main.storyboard */; };
		8CE700231E126A09008086A4 /* Assets.xcassets in Resources */ = {isa = PBXBuildFile; fileRef = 8CE700221E126A09008086A4 /* Assets.xcassets */; };
		8CE700261E126A09008086A4 /* LaunchScreen.storyboard in Resources */ = {isa = PBXBuildFile; fileRef = 8CE700241E126A09008086A4 /* LaunchScreen.storyboard */; };
		8CE700491E15431B008086A4 /* AddressViewController.swift in Sources */ = {isa = PBXBuildFile; fileRef = 8CE700481E15431B008086A4 /* AddressViewController.swift */; };
		8CE7004B1E154437008086A4 /* HerosViewController.swift in Sources */ = {isa = PBXBuildFile; fileRef = 8CE7004A1E154437008086A4 /* HerosViewController.swift */; };
		A51A57C222BB738E004DB0C3 /* AutocompleteStore.swift in Sources */ = {isa = PBXBuildFile; fileRef = A51A57C122BB738E004DB0C3 /* AutocompleteStore.swift */; };
		A54C99BF23EC1BF00036CDA9 /* HBAutoComplete.podspec in Resources */ = {isa = PBXBuildFile; fileRef = A54C99B923EC1BF00036CDA9 /* HBAutoComplete.podspec */; };
		A55B845623EC30BE009AAFBE /* HBAutocomplete in Frameworks */ = {isa = PBXBuildFile; productRef = A55B845523EC30BE009AAFBE /* HBAutocomplete */; };
		A563A2002375D09E00114194 /* localizable.strings in Resources */ = {isa = PBXBuildFile; fileRef = A563A2022375D09E00114194 /* localizable.strings */; };
		A563A2062375D10D00114194 /* wording.swift in Sources */ = {isa = PBXBuildFile; fileRef = A563A2052375D10D00114194 /* wording.swift */; };
		A5CB0CF422B0503400260BE5 /* HBAutoComplete.h in Headers */ = {isa = PBXBuildFile; fileRef = A5CB0CF222B0503400260BE5 /* HBAutoComplete.h */; settings = {ATTRIBUTES = (Public, ); }; };
		A5CB0CF722B0503400260BE5 /* HBAutoComplete.framework in Frameworks */ = {isa = PBXBuildFile; fileRef = A5CB0CF022B0503400260BE5 /* HBAutoComplete.framework */; };
		A5CB0CF822B0503400260BE5 /* HBAutoComplete.framework in Embed Frameworks */ = {isa = PBXBuildFile; fileRef = A5CB0CF022B0503400260BE5 /* HBAutoComplete.framework */; settings = {ATTRIBUTES = (CodeSignOnCopy, RemoveHeadersOnCopy, ); }; };
		A5D2A66A22BB79C800F6229A /* HeroTableViewController.swift in Sources */ = {isa = PBXBuildFile; fileRef = A5D2A66922BB79C800F6229A /* HeroTableViewController.swift */; };
		A5D2A66D22BB7B0700F6229A /* HeroAutocompleteDataSource.swift in Sources */ = {isa = PBXBuildFile; fileRef = A5D2A66C22BB7B0700F6229A /* HeroAutocompleteDataSource.swift */; };
		A5D2A66F22BB80A200F6229A /* AddressAutocompleteDataSource.swift in Sources */ = {isa = PBXBuildFile; fileRef = A5D2A66E22BB80A200F6229A /* AddressAutocompleteDataSource.swift */; };
		A5D2A67622BCB8E600F6229A /* SearchAddressViewController.swift in Sources */ = {isa = PBXBuildFile; fileRef = A5D2A67522BCB8E600F6229A /* SearchAddressViewController.swift */; };
		A5FF06B722C094C6003903C5 /* PlaceAutocompleteDataSource.swift in Sources */ = {isa = PBXBuildFile; fileRef = A5FF06B622C094C6003903C5 /* PlaceAutocompleteDataSource.swift */; };
		A5FF06B922C09C82003903C5 /* MapViewController.swift in Sources */ = {isa = PBXBuildFile; fileRef = A5FF06B822C09C82003903C5 /* MapViewController.swift */; };
/* End PBXBuildFile section */

/* Begin PBXContainerItemProxy section */
		A5CB0CF522B0503400260BE5 /* PBXContainerItemProxy */ = {
			isa = PBXContainerItemProxy;
			containerPortal = 8CE700101E126A09008086A4 /* Project object */;
			proxyType = 1;
			remoteGlobalIDString = A5CB0CEF22B0503400260BE5;
			remoteInfo = HBAutoComplete;
		};
/* End PBXContainerItemProxy section */

/* Begin PBXCopyFilesBuildPhase section */
		A5CB0CFC22B0503400260BE5 /* Embed Frameworks */ = {
			isa = PBXCopyFilesBuildPhase;
			buildActionMask = 2147483647;
			dstPath = "";
			dstSubfolderSpec = 10;
			files = (
				A5CB0CF822B0503400260BE5 /* HBAutoComplete.framework in Embed Frameworks */,
			);
			name = "Embed Frameworks";
			runOnlyForDeploymentPostprocessing = 0;
		};
/* End PBXCopyFilesBuildPhase section */

/* Begin PBXFileReference section */
		8CE700181E126A09008086A4 /* AutocompleteTestProject.app */ = {isa = PBXFileReference; explicitFileType = wrapper.application; includeInIndex = 0; path = AutocompleteTestProject.app; sourceTree = BUILT_PRODUCTS_DIR; };
		8CE7001B1E126A09008086A4 /* AppDelegate.swift */ = {isa = PBXFileReference; lastKnownFileType = sourcecode.swift; path = AppDelegate.swift; sourceTree = "<group>"; };
		8CE700221E126A09008086A4 /* Assets.xcassets */ = {isa = PBXFileReference; lastKnownFileType = folder.assetcatalog; path = Assets.xcassets; sourceTree = "<group>"; };
		8CE700271E126A09008086A4 /* Info.plist */ = {isa = PBXFileReference; lastKnownFileType = text.plist.xml; path = Info.plist; sourceTree = "<group>"; };
		8CE700481E15431B008086A4 /* AddressViewController.swift */ = {isa = PBXFileReference; fileEncoding = 4; lastKnownFileType = sourcecode.swift; path = AddressViewController.swift; sourceTree = "<group>"; };
		8CE7004A1E154437008086A4 /* HerosViewController.swift */ = {isa = PBXFileReference; fileEncoding = 4; lastKnownFileType = sourcecode.swift; path = HerosViewController.swift; sourceTree = "<group>"; };
		A51A57C122BB738E004DB0C3 /* AutocompleteStore.swift */ = {isa = PBXFileReference; lastKnownFileType = sourcecode.swift; path = AutocompleteStore.swift; sourceTree = "<group>"; };
		A54C99B923EC1BF00036CDA9 /* HBAutoComplete.podspec */ = {isa = PBXFileReference; fileEncoding = 4; lastKnownFileType = text; path = HBAutoComplete.podspec; sourceTree = "<group>"; };
		A563A2012375D09E00114194 /* en */ = {isa = PBXFileReference; lastKnownFileType = text.plist.strings; name = en; path = en.lproj/localizable.strings; sourceTree = "<group>"; };
		A563A2032375D0AC00114194 /* fr */ = {isa = PBXFileReference; lastKnownFileType = text.plist.strings; name = fr; path = fr.lproj/localizable.strings; sourceTree = "<group>"; };
		A563A2042375D0F300114194 /* es */ = {isa = PBXFileReference; lastKnownFileType = text.plist.strings; name = es; path = es.lproj/localizable.strings; sourceTree = "<group>"; };
		A563A2052375D10D00114194 /* wording.swift */ = {isa = PBXFileReference; lastKnownFileType = sourcecode.swift; path = wording.swift; sourceTree = "<group>"; };
		A5CB0CF022B0503400260BE5 /* HBAutoComplete.framework */ = {isa = PBXFileReference; explicitFileType = wrapper.framework; includeInIndex = 0; path = HBAutoComplete.framework; sourceTree = BUILT_PRODUCTS_DIR; };
		A5CB0CF222B0503400260BE5 /* HBAutoComplete.h */ = {isa = PBXFileReference; lastKnownFileType = sourcecode.c.h; path = HBAutoComplete.h; sourceTree = "<group>"; };
		A5CB0CF322B0503400260BE5 /* Info.plist */ = {isa = PBXFileReference; lastKnownFileType = text.plist.xml; path = Info.plist; sourceTree = "<group>"; };
		A5D2A66922BB79C800F6229A /* HeroTableViewController.swift */ = {isa = PBXFileReference; lastKnownFileType = sourcecode.swift; path = HeroTableViewController.swift; sourceTree = "<group>"; };
		A5D2A66C22BB7B0700F6229A /* HeroAutocompleteDataSource.swift */ = {isa = PBXFileReference; lastKnownFileType = sourcecode.swift; path = HeroAutocompleteDataSource.swift; sourceTree = "<group>"; };
		A5D2A66E22BB80A200F6229A /* AddressAutocompleteDataSource.swift */ = {isa = PBXFileReference; lastKnownFileType = sourcecode.swift; path = AddressAutocompleteDataSource.swift; sourceTree = "<group>"; };
		A5D2A67522BCB8E600F6229A /* SearchAddressViewController.swift */ = {isa = PBXFileReference; lastKnownFileType = sourcecode.swift; path = SearchAddressViewController.swift; sourceTree = "<group>"; };
		A5FC8F9A27DF4B920059BBB5 /* HBAutocomplete */ = {isa = PBXFileReference; lastKnownFileType = wrapper; name = HBAutocomplete; sourceTree = "<group>"; };
		A5FF06B622C094C6003903C5 /* PlaceAutocompleteDataSource.swift */ = {isa = PBXFileReference; lastKnownFileType = sourcecode.swift; path = PlaceAutocompleteDataSource.swift; sourceTree = "<group>"; };
		A5FF06B822C09C82003903C5 /* MapViewController.swift */ = {isa = PBXFileReference; lastKnownFileType = sourcecode.swift; path = MapViewController.swift; sourceTree = "<group>"; };
		D7A2925E23EC36900032353D /* Base */ = {isa = PBXFileReference; lastKnownFileType = file.storyboard; name = Base; path = Base.lproj/Main.storyboard; sourceTree = "<group>"; };
		D7A2925F23EC36900032353D /* Base */ = {isa = PBXFileReference; lastKnownFileType = file.storyboard; name = Base; path = Base.lproj/LaunchScreen.storyboard; sourceTree = "<group>"; };
/* End PBXFileReference section */

/* Begin PBXFrameworksBuildPhase section */
		8CE700151E126A09008086A4 /* Frameworks */ = {
			isa = PBXFrameworksBuildPhase;
			buildActionMask = 2147483647;
			files = (
				A55B845623EC30BE009AAFBE /* HBAutocomplete in Frameworks */,
				A5CB0CF722B0503400260BE5 /* HBAutoComplete.framework in Frameworks */,
			);
			runOnlyForDeploymentPostprocessing = 0;
		};
		A5CB0CED22B0503400260BE5 /* Frameworks */ = {
			isa = PBXFrameworksBuildPhase;
			buildActionMask = 2147483647;
			files = (
			);
			runOnlyForDeploymentPostprocessing = 0;
		};
/* End PBXFrameworksBuildPhase section */

/* Begin PBXGroup section */
		8CE7000F1E126A09008086A4 = {
			isa = PBXGroup;
			children = (
				A5FC8F9A27DF4B920059BBB5 /* HBAutocomplete */,
				A54C99B923EC1BF00036CDA9 /* HBAutoComplete.podspec */,
				8CE7001A1E126A09008086A4 /* AutocompleteTestProject */,
				A5CB0CF122B0503400260BE5 /* Supporting files */,
				8CE700191E126A09008086A4 /* Products */,
				A54C99C123EC1CB50036CDA9 /* Frameworks */,
			);
			sourceTree = "<group>";
		};
		8CE700191E126A09008086A4 /* Products */ = {
			isa = PBXGroup;
			children = (
				8CE700181E126A09008086A4 /* AutocompleteTestProject.app */,
				A5CB0CF022B0503400260BE5 /* HBAutoComplete.framework */,
			);
			name = Products;
			sourceTree = "<group>";
		};
		8CE7001A1E126A09008086A4 /* AutocompleteTestProject */ = {
			isa = PBXGroup;
			children = (
				8CE7001B1E126A09008086A4 /* AppDelegate.swift */,
				A5D2A67222BB8B5200F6229A /* ViewControllers */,
				A5D2A67122BB8B2500F6229A /* AutocompleteDataSources */,
				A5D2A67422BB8B8D00F6229A /* AutocompleteStore */,
				A5D2A67322BB8B7200F6229A /* Ressources */,
				8CE700271E126A09008086A4 /* Info.plist */,
			);
			path = AutocompleteTestProject;
			sourceTree = "<group>";
		};
		A54C99C123EC1CB50036CDA9 /* Frameworks */ = {
			isa = PBXGroup;
			children = (
			);
			name = Frameworks;
			sourceTree = "<group>";
		};
		A5CB0CF122B0503400260BE5 /* Supporting files */ = {
			isa = PBXGroup;
			children = (
				A5CB0CF222B0503400260BE5 /* HBAutoComplete.h */,
				A5CB0CF322B0503400260BE5 /* Info.plist */,
			);
			path = "Supporting files";
			sourceTree = "<group>";
		};
		A5D2A67122BB8B2500F6229A /* AutocompleteDataSources */ = {
			isa = PBXGroup;
			children = (
				A5D2A66C22BB7B0700F6229A /* HeroAutocompleteDataSource.swift */,
				A5D2A66E22BB80A200F6229A /* AddressAutocompleteDataSource.swift */,
				A5FF06B622C094C6003903C5 /* PlaceAutocompleteDataSource.swift */,
			);
			path = AutocompleteDataSources;
			sourceTree = "<group>";
		};
		A5D2A67222BB8B5200F6229A /* ViewControllers */ = {
			isa = PBXGroup;
			children = (
				8CE700481E15431B008086A4 /* AddressViewController.swift */,
				8CE7004A1E154437008086A4 /* HerosViewController.swift */,
				A5D2A66922BB79C800F6229A /* HeroTableViewController.swift */,
				A5D2A67522BCB8E600F6229A /* SearchAddressViewController.swift */,
				A5FF06B822C09C82003903C5 /* MapViewController.swift */,
			);
			path = ViewControllers;
			sourceTree = "<group>";
		};
		A5D2A67322BB8B7200F6229A /* Ressources */ = {
			isa = PBXGroup;
			children = (
				8CE7001F1E126A09008086A4 /* Main.storyboard */,
				8CE700221E126A09008086A4 /* Assets.xcassets */,
				8CE700241E126A09008086A4 /* LaunchScreen.storyboard */,
				A563A2022375D09E00114194 /* localizable.strings */,
				A563A2052375D10D00114194 /* wording.swift */,
			);
			path = Ressources;
			sourceTree = "<group>";
		};
		A5D2A67422BB8B8D00F6229A /* AutocompleteStore */ = {
			isa = PBXGroup;
			children = (
				A51A57C122BB738E004DB0C3 /* AutocompleteStore.swift */,
			);
			path = AutocompleteStore;
			sourceTree = "<group>";
		};
/* End PBXGroup section */

/* Begin PBXHeadersBuildPhase section */
		A5CB0CEB22B0503400260BE5 /* Headers */ = {
			isa = PBXHeadersBuildPhase;
			buildActionMask = 2147483647;
			files = (
				A5CB0CF422B0503400260BE5 /* HBAutoComplete.h in Headers */,
			);
			runOnlyForDeploymentPostprocessing = 0;
		};
/* End PBXHeadersBuildPhase section */

/* Begin PBXNativeTarget section */
		8CE700171E126A09008086A4 /* AutocompleteTestProject */ = {
			isa = PBXNativeTarget;
			buildConfigurationList = 8CE700351E126A09008086A4 /* Build configuration list for PBXNativeTarget "AutocompleteTestProject" */;
			buildPhases = (
				8CE700141E126A09008086A4 /* Sources */,
				8CE700151E126A09008086A4 /* Frameworks */,
				8CE700161E126A09008086A4 /* Resources */,
				A5CB0CFC22B0503400260BE5 /* Embed Frameworks */,
			);
			buildRules = (
			);
			dependencies = (
				A5CB0CF622B0503400260BE5 /* PBXTargetDependency */,
			);
			name = AutocompleteTestProject;
			packageProductDependencies = (
				A55B845523EC30BE009AAFBE /* HBAutocomplete */,
			);
			productName = AutocompleteTestProject;
			productReference = 8CE700181E126A09008086A4 /* AutocompleteTestProject.app */;
			productType = "com.apple.product-type.application";
		};
		A5CB0CEF22B0503400260BE5 /* HBAutoComplete */ = {
			isa = PBXNativeTarget;
			buildConfigurationList = A5CB0CFB22B0503400260BE5 /* Build configuration list for PBXNativeTarget "HBAutoComplete" */;
			buildPhases = (
				A5CB0CEB22B0503400260BE5 /* Headers */,
				A5CB0CEC22B0503400260BE5 /* Sources */,
				A5CB0CED22B0503400260BE5 /* Frameworks */,
				A5CB0CEE22B0503400260BE5 /* Resources */,
			);
			buildRules = (
			);
			dependencies = (
			);
			name = HBAutoComplete;
			packageProductDependencies = (
			);
			productName = HBAutoComplete;
			productReference = A5CB0CF022B0503400260BE5 /* HBAutoComplete.framework */;
			productType = "com.apple.product-type.framework";
		};
/* End PBXNativeTarget section */

/* Begin PBXProject section */
		8CE700101E126A09008086A4 /* Project object */ = {
			isa = PBXProject;
			attributes = {
				LastSwiftUpdateCheck = 0820;
				LastUpgradeCheck = 1020;
				ORGANIZATIONNAME = "Hugo Bosc-Ducros";
				TargetAttributes = {
					8CE700171E126A09008086A4 = {
						CreatedOnToolsVersion = 8.2.1;
						DevelopmentTeam = PDQ5C92H2Y;
						LastSwiftMigration = 1010;
						ProvisioningStyle = Automatic;
					};
					A5CB0CEF22B0503400260BE5 = {
						CreatedOnToolsVersion = 10.2.1;
						DevelopmentTeam = PDQ5C92H2Y;
						LastSwiftMigration = 1020;
						ProvisioningStyle = Automatic;
					};
				};
			};
			buildConfigurationList = 8CE700131E126A09008086A4 /* Build configuration list for PBXProject "AutocompleteTestProject" */;
			compatibilityVersion = "Xcode 3.2";
			developmentRegion = en;
			hasScannedForEncodings = 0;
			knownRegions = (
				en,
				fr,
				es,
				Base,
			);
			mainGroup = 8CE7000F1E126A09008086A4;
			packageReferences = (
				A55B845423EC30BE009AAFBE /* XCRemoteSwiftPackageReference "HBAutocomplete" */,
			);
			productRefGroup = 8CE700191E126A09008086A4 /* Products */;
			projectDirPath = "";
			projectRoot = "";
			targets = (
				8CE700171E126A09008086A4 /* AutocompleteTestProject */,
				A5CB0CEF22B0503400260BE5 /* HBAutoComplete */,
			);
		};
/* End PBXProject section */

/* Begin PBXResourcesBuildPhase section */
		8CE700161E126A09008086A4 /* Resources */ = {
			isa = PBXResourcesBuildPhase;
			buildActionMask = 2147483647;
			files = (
				A563A2002375D09E00114194 /* localizable.strings in Resources */,
				8CE700261E126A09008086A4 /* LaunchScreen.storyboard in Resources */,
				A54C99BF23EC1BF00036CDA9 /* HBAutoComplete.podspec in Resources */,
				8CE700231E126A09008086A4 /* Assets.xcassets in Resources */,
				8CE700211E126A09008086A4 /* Main.storyboard in Resources */,
			);
			runOnlyForDeploymentPostprocessing = 0;
		};
		A5CB0CEE22B0503400260BE5 /* Resources */ = {
			isa = PBXResourcesBuildPhase;
			buildActionMask = 2147483647;
			files = (
			);
			runOnlyForDeploymentPostprocessing = 0;
		};
/* End PBXResourcesBuildPhase section */

/* Begin PBXSourcesBuildPhase section */
		8CE700141E126A09008086A4 /* Sources */ = {
			isa = PBXSourcesBuildPhase;
			buildActionMask = 2147483647;
			files = (
				A5D2A66A22BB79C800F6229A /* HeroTableViewController.swift in Sources */,
				A5D2A66F22BB80A200F6229A /* AddressAutocompleteDataSource.swift in Sources */,
				A5FF06B722C094C6003903C5 /* PlaceAutocompleteDataSource.swift in Sources */,
				A5FF06B922C09C82003903C5 /* MapViewController.swift in Sources */,
				8CE7004B1E154437008086A4 /* HerosViewController.swift in Sources */,
				8CE700491E15431B008086A4 /* AddressViewController.swift in Sources */,
				A5D2A66D22BB7B0700F6229A /* HeroAutocompleteDataSource.swift in Sources */,
				A5D2A67622BCB8E600F6229A /* SearchAddressViewController.swift in Sources */,
				8CE7001C1E126A09008086A4 /* AppDelegate.swift in Sources */,
				A563A2062375D10D00114194 /* wording.swift in Sources */,
				A51A57C222BB738E004DB0C3 /* AutocompleteStore.swift in Sources */,
			);
			runOnlyForDeploymentPostprocessing = 0;
		};
		A5CB0CEC22B0503400260BE5 /* Sources */ = {
			isa = PBXSourcesBuildPhase;
			buildActionMask = 2147483647;
			files = (
			);
			runOnlyForDeploymentPostprocessing = 0;
		};
/* End PBXSourcesBuildPhase section */

/* Begin PBXTargetDependency section */
		A5CB0CF622B0503400260BE5 /* PBXTargetDependency */ = {
			isa = PBXTargetDependency;
			target = A5CB0CEF22B0503400260BE5 /* HBAutoComplete */;
			targetProxy = A5CB0CF522B0503400260BE5 /* PBXContainerItemProxy */;
		};
/* End PBXTargetDependency section */

/* Begin PBXVariantGroup section */
		8CE7001F1E126A09008086A4 /* Main.storyboard */ = {
			isa = PBXVariantGroup;
			children = (
				D7A2925E23EC36900032353D /* Base */,
			);
			name = Main.storyboard;
			sourceTree = "<group>";
		};
		8CE700241E126A09008086A4 /* LaunchScreen.storyboard */ = {
			isa = PBXVariantGroup;
			children = (
				D7A2925F23EC36900032353D /* Base */,
			);
			name = LaunchScreen.storyboard;
			sourceTree = "<group>";
		};
		A563A2022375D09E00114194 /* localizable.strings */ = {
			isa = PBXVariantGroup;
			children = (
				A563A2012375D09E00114194 /* en */,
				A563A2032375D0AC00114194 /* fr */,
				A563A2042375D0F300114194 /* es */,
			);
			name = localizable.strings;
			sourceTree = "<group>";
		};
/* End PBXVariantGroup section */

/* Begin XCBuildConfiguration section */
		8CE700331E126A09008086A4 /* Debug */ = {
			isa = XCBuildConfiguration;
			buildSettings = {
				ALWAYS_SEARCH_USER_PATHS = NO;
				CLANG_ANALYZER_LOCALIZABILITY_NONLOCALIZED = YES;
				CLANG_ANALYZER_NONNULL = YES;
				CLANG_CXX_LANGUAGE_STANDARD = "gnu++0x";
				CLANG_CXX_LIBRARY = "libc++";
				CLANG_ENABLE_MODULES = YES;
				CLANG_ENABLE_OBJC_ARC = YES;
				CLANG_WARN_BLOCK_CAPTURE_AUTORELEASING = YES;
				CLANG_WARN_BOOL_CONVERSION = YES;
				CLANG_WARN_COMMA = YES;
				CLANG_WARN_CONSTANT_CONVERSION = YES;
				CLANG_WARN_DEPRECATED_OBJC_IMPLEMENTATIONS = YES;
				CLANG_WARN_DIRECT_OBJC_ISA_USAGE = YES_ERROR;
				CLANG_WARN_DOCUMENTATION_COMMENTS = YES;
				CLANG_WARN_EMPTY_BODY = YES;
				CLANG_WARN_ENUM_CONVERSION = YES;
				CLANG_WARN_INFINITE_RECURSION = YES;
				CLANG_WARN_INT_CONVERSION = YES;
				CLANG_WARN_NON_LITERAL_NULL_CONVERSION = YES;
				CLANG_WARN_OBJC_IMPLICIT_RETAIN_SELF = YES;
				CLANG_WARN_OBJC_LITERAL_CONVERSION = YES;
				CLANG_WARN_OBJC_ROOT_CLASS = YES_ERROR;
				CLANG_WARN_RANGE_LOOP_ANALYSIS = YES;
				CLANG_WARN_STRICT_PROTOTYPES = YES;
				CLANG_WARN_SUSPICIOUS_MOVE = YES;
				CLANG_WARN_UNREACHABLE_CODE = YES;
				CLANG_WARN__DUPLICATE_METHOD_MATCH = YES;
				"CODE_SIGN_IDENTITY[sdk=iphoneos*]" = "iPhone Developer";
				COPY_PHASE_STRIP = NO;
				DEBUG_INFORMATION_FORMAT = dwarf;
				ENABLE_STRICT_OBJC_MSGSEND = YES;
				ENABLE_TESTABILITY = YES;
				GCC_C_LANGUAGE_STANDARD = gnu99;
				GCC_DYNAMIC_NO_PIC = NO;
				GCC_NO_COMMON_BLOCKS = YES;
				GCC_OPTIMIZATION_LEVEL = 0;
				GCC_PREPROCESSOR_DEFINITIONS = (
					"DEBUG=1",
					"$(inherited)",
				);
				GCC_WARN_64_TO_32_BIT_CONVERSION = YES;
				GCC_WARN_ABOUT_RETURN_TYPE = YES_ERROR;
				GCC_WARN_UNDECLARED_SELECTOR = YES;
				GCC_WARN_UNINITIALIZED_AUTOS = YES_AGGRESSIVE;
				GCC_WARN_UNUSED_FUNCTION = YES;
				GCC_WARN_UNUSED_VARIABLE = YES;
				IPHONEOS_DEPLOYMENT_TARGET = 10.2;
				MTL_ENABLE_DEBUG_INFO = YES;
				ONLY_ACTIVE_ARCH = YES;
				SDKROOT = iphoneos;
				SWIFT_ACTIVE_COMPILATION_CONDITIONS = DEBUG;
				SWIFT_OPTIMIZATION_LEVEL = "-Onone";
				SWIFT_VERSION = 5.0;
				TARGETED_DEVICE_FAMILY = "1,2";
			};
			name = Debug;
		};
		8CE700341E126A09008086A4 /* Release */ = {
			isa = XCBuildConfiguration;
			buildSettings = {
				ALWAYS_SEARCH_USER_PATHS = NO;
				CLANG_ANALYZER_LOCALIZABILITY_NONLOCALIZED = YES;
				CLANG_ANALYZER_NONNULL = YES;
				CLANG_CXX_LANGUAGE_STANDARD = "gnu++0x";
				CLANG_CXX_LIBRARY = "libc++";
				CLANG_ENABLE_MODULES = YES;
				CLANG_ENABLE_OBJC_ARC = YES;
				CLANG_WARN_BLOCK_CAPTURE_AUTORELEASING = YES;
				CLANG_WARN_BOOL_CONVERSION = YES;
				CLANG_WARN_COMMA = YES;
				CLANG_WARN_CONSTANT_CONVERSION = YES;
				CLANG_WARN_DEPRECATED_OBJC_IMPLEMENTATIONS = YES;
				CLANG_WARN_DIRECT_OBJC_ISA_USAGE = YES_ERROR;
				CLANG_WARN_DOCUMENTATION_COMMENTS = YES;
				CLANG_WARN_EMPTY_BODY = YES;
				CLANG_WARN_ENUM_CONVERSION = YES;
				CLANG_WARN_INFINITE_RECURSION = YES;
				CLANG_WARN_INT_CONVERSION = YES;
				CLANG_WARN_NON_LITERAL_NULL_CONVERSION = YES;
				CLANG_WARN_OBJC_IMPLICIT_RETAIN_SELF = YES;
				CLANG_WARN_OBJC_LITERAL_CONVERSION = YES;
				CLANG_WARN_OBJC_ROOT_CLASS = YES_ERROR;
				CLANG_WARN_RANGE_LOOP_ANALYSIS = YES;
				CLANG_WARN_STRICT_PROTOTYPES = YES;
				CLANG_WARN_SUSPICIOUS_MOVE = YES;
				CLANG_WARN_UNREACHABLE_CODE = YES;
				CLANG_WARN__DUPLICATE_METHOD_MATCH = YES;
				"CODE_SIGN_IDENTITY[sdk=iphoneos*]" = "iPhone Developer";
				COPY_PHASE_STRIP = NO;
				DEBUG_INFORMATION_FORMAT = "dwarf-with-dsym";
				ENABLE_NS_ASSERTIONS = NO;
				ENABLE_STRICT_OBJC_MSGSEND = YES;
				GCC_C_LANGUAGE_STANDARD = gnu99;
				GCC_NO_COMMON_BLOCKS = YES;
				GCC_WARN_64_TO_32_BIT_CONVERSION = YES;
				GCC_WARN_ABOUT_RETURN_TYPE = YES_ERROR;
				GCC_WARN_UNDECLARED_SELECTOR = YES;
				GCC_WARN_UNINITIALIZED_AUTOS = YES_AGGRESSIVE;
				GCC_WARN_UNUSED_FUNCTION = YES;
				GCC_WARN_UNUSED_VARIABLE = YES;
				IPHONEOS_DEPLOYMENT_TARGET = 10.2;
				MTL_ENABLE_DEBUG_INFO = NO;
				SDKROOT = iphoneos;
				SWIFT_COMPILATION_MODE = wholemodule;
				SWIFT_OPTIMIZATION_LEVEL = "-O";
				SWIFT_VERSION = 5.0;
				TARGETED_DEVICE_FAMILY = "1,2";
				VALIDATE_PRODUCT = YES;
			};
			name = Release;
		};
		8CE700361E126A09008086A4 /* Debug */ = {
			isa = XCBuildConfiguration;
			buildSettings = {
				ASSETCATALOG_COMPILER_APPICON_NAME = AppIcon;
				CODE_SIGN_IDENTITY = "iPhone Developer";
				DEVELOPMENT_TEAM = PDQ5C92H2Y;
				INFOPLIST_FILE = AutocompleteTestProject/Info.plist;
				LD_RUNPATH_SEARCH_PATHS = (
					"$(inherited)",
					"@executable_path/Frameworks",
				);
				PRODUCT_BUNDLE_IDENTIFIER = "S-H.AutocompleteTestProject";
				PRODUCT_NAME = "$(TARGET_NAME)";
				SWIFT_SWIFT3_OBJC_INFERENCE = On;
				SWIFT_VERSION = 5.0;
			};
			name = Debug;
		};
		8CE700371E126A09008086A4 /* Release */ = {
			isa = XCBuildConfiguration;
			buildSettings = {
				ASSETCATALOG_COMPILER_APPICON_NAME = AppIcon;
				CODE_SIGN_IDENTITY = "iPhone Developer";
				DEVELOPMENT_TEAM = PDQ5C92H2Y;
				INFOPLIST_FILE = AutocompleteTestProject/Info.plist;
				LD_RUNPATH_SEARCH_PATHS = (
					"$(inherited)",
					"@executable_path/Frameworks",
				);
				PRODUCT_BUNDLE_IDENTIFIER = "S-H.AutocompleteTestProject";
				PRODUCT_NAME = "$(TARGET_NAME)";
				SWIFT_SWIFT3_OBJC_INFERENCE = On;
				SWIFT_VERSION = 5.0;
			};
			name = Release;
		};
		A5CB0CF922B0503400260BE5 /* Debug */ = {
			isa = XCBuildConfiguration;
			buildSettings = {
				CLANG_ANALYZER_NUMBER_OBJECT_CONVERSION = YES_AGGRESSIVE;
				CLANG_CXX_LANGUAGE_STANDARD = "gnu++14";
				CLANG_ENABLE_MODULES = YES;
				CLANG_ENABLE_OBJC_WEAK = YES;
				CLANG_WARN_UNGUARDED_AVAILABILITY = YES_AGGRESSIVE;
				CODE_SIGN_IDENTITY = "";
				CODE_SIGN_STYLE = Automatic;
				CURRENT_PROJECT_VERSION = 1;
				DEFINES_MODULE = YES;
				DEVELOPMENT_TEAM = PDQ5C92H2Y;
				DYLIB_COMPATIBILITY_VERSION = 1;
				DYLIB_CURRENT_VERSION = 1;
				DYLIB_INSTALL_NAME_BASE = "@rpath";
				GCC_C_LANGUAGE_STANDARD = gnu11;
				INFOPLIST_FILE = "Supporting files/Info.plist";
				INSTALL_PATH = "$(LOCAL_LIBRARY_DIR)/Frameworks";
				IPHONEOS_DEPLOYMENT_TARGET = 9.0;
				LD_RUNPATH_SEARCH_PATHS = (
					"$(inherited)",
					"@executable_path/Frameworks",
					"@loader_path/Frameworks",
				);
				MTL_ENABLE_DEBUG_INFO = INCLUDE_SOURCE;
				MTL_FAST_MATH = YES;
				PRODUCT_BUNDLE_IDENTIFIER = com.hbd.HBAutoComplete;
				PRODUCT_NAME = "$(TARGET_NAME:c99extidentifier)";
				SKIP_INSTALL = YES;
				SWIFT_OPTIMIZATION_LEVEL = "-Onone";
				SWIFT_VERSION = 5.0;
				TARGETED_DEVICE_FAMILY = "1,2";
				VERSIONING_SYSTEM = "apple-generic";
				VERSION_INFO_PREFIX = "";
			};
			name = Debug;
		};
		A5CB0CFA22B0503400260BE5 /* Release */ = {
			isa = XCBuildConfiguration;
			buildSettings = {
				CLANG_ANALYZER_NUMBER_OBJECT_CONVERSION = YES_AGGRESSIVE;
				CLANG_CXX_LANGUAGE_STANDARD = "gnu++14";
				CLANG_ENABLE_MODULES = YES;
				CLANG_ENABLE_OBJC_WEAK = YES;
				CLANG_WARN_UNGUARDED_AVAILABILITY = YES_AGGRESSIVE;
				CODE_SIGN_IDENTITY = "";
				CODE_SIGN_STYLE = Automatic;
				CURRENT_PROJECT_VERSION = 1;
				DEFINES_MODULE = YES;
				DEVELOPMENT_TEAM = PDQ5C92H2Y;
				DYLIB_COMPATIBILITY_VERSION = 1;
				DYLIB_CURRENT_VERSION = 1;
				DYLIB_INSTALL_NAME_BASE = "@rpath";
				GCC_C_LANGUAGE_STANDARD = gnu11;
				INFOPLIST_FILE = "Supporting files/Info.plist";
				INSTALL_PATH = "$(LOCAL_LIBRARY_DIR)/Frameworks";
				IPHONEOS_DEPLOYMENT_TARGET = 9.0;
				LD_RUNPATH_SEARCH_PATHS = (
					"$(inherited)",
					"@executable_path/Frameworks",
					"@loader_path/Frameworks",
				);
				MTL_FAST_MATH = YES;
				PRODUCT_BUNDLE_IDENTIFIER = com.hbd.HBAutoComplete;
				PRODUCT_NAME = "$(TARGET_NAME:c99extidentifier)";
				SKIP_INSTALL = YES;
				SWIFT_VERSION = 5.0;
				TARGETED_DEVICE_FAMILY = "1,2";
				VERSIONING_SYSTEM = "apple-generic";
				VERSION_INFO_PREFIX = "";
			};
			name = Release;
		};
/* End XCBuildConfiguration section */

/* Begin XCConfigurationList section */
		8CE700131E126A09008086A4 /* Build configuration list for PBXProject "AutocompleteTestProject" */ = {
			isa = XCConfigurationList;
			buildConfigurations = (
				8CE700331E126A09008086A4 /* Debug */,
				8CE700341E126A09008086A4 /* Release */,
			);
			defaultConfigurationIsVisible = 0;
			defaultConfigurationName = Release;
		};
		8CE700351E126A09008086A4 /* Build configuration list for PBXNativeTarget "AutocompleteTestProject" */ = {
			isa = XCConfigurationList;
			buildConfigurations = (
				8CE700361E126A09008086A4 /* Debug */,
				8CE700371E126A09008086A4 /* Release */,
			);
			defaultConfigurationIsVisible = 0;
			defaultConfigurationName = Release;
		};
		A5CB0CFB22B0503400260BE5 /* Build configuration list for PBXNativeTarget "HBAutoComplete" */ = {
			isa = XCConfigurationList;
			buildConfigurations = (
				A5CB0CF922B0503400260BE5 /* Debug */,
				A5CB0CFA22B0503400260BE5 /* Release */,
			);
			defaultConfigurationIsVisible = 0;
			defaultConfigurationName = Release;
		};
/* End XCConfigurationList section */

/* Begin XCRemoteSwiftPackageReference section */
		A55B845423EC30BE009AAFBE /* XCRemoteSwiftPackageReference "HBAutocomplete" */ = {
			isa = XCRemoteSwiftPackageReference;
			repositoryURL = ../HBAutocomplete;
			requirement = {
				kind = upToNextMinorVersion;
				minimumVersion = 1.0.2;
			};
		};
/* End XCRemoteSwiftPackageReference section */

/* Begin XCSwiftPackageProductDependency section */
		A55B845523EC30BE009AAFBE /* HBAutocomplete */ = {
			isa = XCSwiftPackageProductDependency;
			package = A55B845423EC30BE009AAFBE /* XCRemoteSwiftPackageReference "HBAutocomplete" */;
			productName = HBAutocomplete;
		};
/* End XCSwiftPackageProductDependency section */
	};
	rootObject = 8CE700101E126A09008086A4 /* Project object */;
}
